
Microsoft Visual Studio Solution File, Format Version 12.00
# Visual Studio Version 16
VisualStudioVersion = 16.0.30907.101
MinimumVisualStudioVersion = 10.0.40219.1
Project("{FAE04EC0-301F-11D3-BF4B-00C04F79EFBC}") = "AngelNode", "AngelNode.csproj", "{B6110E09-5F62-47CB-BA15-61E9F767212C}"
EndProject
Global
	GlobalSection(SolutionConfigurationPlatforms) = preSolution
		Debug|Any CPU = Debug|Any CPU
		Release|Any CPU = Release|Any CPU
	EndGlobalSection
	GlobalSection(ProjectConfigurationPlatforms) = postSolution
		{B6110E09-5F62-47CB-BA15-61E9F767212C}.Debug|Any CPU.ActiveCfg = Debug|Any CPU
		{B6110E09-5F62-47CB-BA15-61E9F767212C}.Debug|Any CPU.Build.0 = Debug|Any CPU
		{B6110E09-5F62-47CB-BA15-61E9F767212C}.Release|Any CPU.ActiveCfg = Release|Any CPU
		{B6110E09-5F62-47CB-BA15-61E9F767212C}.Release|Any CPU.Build.0 = Release|Any CPU
	EndGlobalSection
	GlobalSection(SolutionProperties) = preSolution
		HideSolutionNode = FALSE
	EndGlobalSection
	GlobalSection(ExtensibilityGlobals) = postSolution
		SolutionGuid = {D81EC480-3032-4CA1-A219-0E9EE03218A6}
	EndGlobalSection
EndGlobal
